
Microsoft Visual Studio Solution File, Format Version 12.00
# Visual Studio Version 16
VisualStudioVersion = 16.0.31105.61
MinimumVisualStudioVersion = 10.0.40219.1
Project("{9A19103F-16F7-4668-BE54-9A1E7A4F7556}") = "demo-az-durable-function-async-api", "demo-az-durable-function-async-api.csproj", "{C315FA9C-34E9-427C-BF89-9C99C5A6CFDC}"
EndProject
Global
	GlobalSection(SolutionConfigurationPlatforms) = preSolution
		Debug|Any CPU = Debug|Any CPU
		Release|Any CPU = Release|Any CPU
	EndGlobalSection
	GlobalSection(ProjectConfigurationPlatforms) = postSolution
		{C315FA9C-34E9-427C-BF89-9C99C5A6CFDC}.Debug|Any CPU.ActiveCfg = Debug|Any CPU
		{C315FA9C-34E9-427C-BF89-9C99C5A6CFDC}.Debug|Any CPU.Build.0 = Debug|Any CPU
		{C315FA9C-34E9-427C-BF89-9C99C5A6CFDC}.Release|Any CPU.ActiveCfg = Release|Any CPU
		{C315FA9C-34E9-427C-BF89-9C99C5A6CFDC}.Release|Any CPU.Build.0 = Release|Any CPU
	EndGlobalSection
	GlobalSection(SolutionProperties) = preSolution
		HideSolutionNode = FALSE
	EndGlobalSection
	GlobalSection(ExtensibilityGlobals) = postSolution
		SolutionGuid = {E9D13829-E588-4775-80EF-52BA0EE1B8EE}
	EndGlobalSection
EndGlobal
